// !$*UTF8*$!
{
	archiveVersion = 1;
	classes = {
	};
	objectVersion = 50;
	objects = {

/* Begin PBXBuildFile section */
		5CF1F565228E4DF3006F8265 /* AppDelegate.swift in Sources */ = {isa = PBXBuildFile; fileRef = 5CF1F564228E4DF3006F8265 /* AppDelegate.swift */; };
		5CF1F567228E4DF3006F8265 /* ViewController.swift in Sources */ = {isa = PBXBuildFile; fileRef = 5CF1F566228E4DF3006F8265 /* ViewController.swift */; };
		5CF1F56A228E4DF3006F8265 /* Main.storyboard in Resources */ = {isa = PBXBuildFile; fileRef = 5CF1F568228E4DF3006F8265 /* Main.storyboard */; };
		5CF1F56C228E4DF6006F8265 /* Assets.xcassets in Resources */ = {isa = PBXBuildFile; fileRef = 5CF1F56B228E4DF6006F8265 /* Assets.xcassets */; };
		5CF1F56F228E4DF6006F8265 /* LaunchScreen.storyboard in Resources */ = {isa = PBXBuildFile; fileRef = 5CF1F56D228E4DF6006F8265 /* LaunchScreen.storyboard */; };
		5CF1F57F228E8A50006F8265 /* BDD_Cocoapods_QuickNimbleTests.swift in Sources */ = {isa = PBXBuildFile; fileRef = 5CF1F57E228E8A50006F8265 /* BDD_Cocoapods_QuickNimbleTests.swift */; };
		BFDDDD9F8C8270A8BD5C8AE1 /* Pods_BDD_Cocoapods_QuickNimbleTests.framework in Frameworks */ = {isa = PBXBuildFile; fileRef = 81EB8B5A7EF53A3106F090A7 /* Pods_BDD_Cocoapods_QuickNimbleTests.framework */; };
/* End PBXBuildFile section */

/* Begin PBXContainerItemProxy section */
		5CF1F581228E8A50006F8265 /* PBXContainerItemProxy */ = {
			isa = PBXContainerItemProxy;
			containerPortal = 5CF1F559228E4DF3006F8265 /* Project object */;
			proxyType = 1;
			remoteGlobalIDString = 5CF1F560228E4DF3006F8265;
			remoteInfo = "BDD-Cocoapods";
		};
/* End PBXContainerItemProxy section */

/* Begin PBXFileReference section */
		15541018F3991A2068689627 /* Pods-BDD-Cocoapods-QuickNimbleTests.debug.xcconfig */ = {isa = PBXFileReference; includeInIndex = 1; lastKnownFileType = text.xcconfig; name = "Pods-BDD-Cocoapods-QuickNimbleTests.debug.xcconfig"; path = "Target Support Files/Pods-BDD-Cocoapods-QuickNimbleTests/Pods-BDD-Cocoapods-QuickNimbleTests.debug.xcconfig"; sourceTree = "<group>"; };
		5CF1F561228E4DF3006F8265 /* BDD-Cocoapods.app */ = {isa = PBXFileReference; explicitFileType = wrapper.application; includeInIndex = 0; path = "BDD-Cocoapods.app"; sourceTree = BUILT_PRODUCTS_DIR; };
		5CF1F564228E4DF3006F8265 /* AppDelegate.swift */ = {isa = PBXFileReference; lastKnownFileType = sourcecode.swift; path = AppDelegate.swift; sourceTree = "<group>"; };
		5CF1F566228E4DF3006F8265 /* ViewController.swift */ = {isa = PBXFileReference; lastKnownFileType = sourcecode.swift; path = ViewController.swift; sourceTree = "<group>"; };
		5CF1F569228E4DF3006F8265 /* Base */ = {isa = PBXFileReference; lastKnownFileType = file.storyboard; name = Base; path = Base.lproj/Main.storyboard; sourceTree = "<group>"; };
		5CF1F56B228E4DF6006F8265 /* Assets.xcassets */ = {isa = PBXFileReference; lastKnownFileType = folder.assetcatalog; path = Assets.xcassets; sourceTree = "<group>"; };
		5CF1F56E228E4DF6006F8265 /* Base */ = {isa = PBXFileReference; lastKnownFileType = file.storyboard; name = Base; path = Base.lproj/LaunchScreen.storyboard; sourceTree = "<group>"; };
		5CF1F570228E4DF6006F8265 /* Info.plist */ = {isa = PBXFileReference; lastKnownFileType = text.plist.xml; path = Info.plist; sourceTree = "<group>"; };
		5CF1F577228E602C006F8265 /* Podfile */ = {isa = PBXFileReference; lastKnownFileType = text; path = Podfile; sourceTree = "<group>"; xcLanguageSpecificationIdentifier = xcode.lang.ruby; };
		5CF1F57C228E8A50006F8265 /* BDD-Cocoapods-QuickNimbleTests.xctest */ = {isa = PBXFileReference; explicitFileType = wrapper.cfbundle; includeInIndex = 0; path = "BDD-Cocoapods-QuickNimbleTests.xctest"; sourceTree = BUILT_PRODUCTS_DIR; };
		5CF1F57E228E8A50006F8265 /* BDD_Cocoapods_QuickNimbleTests.swift */ = {isa = PBXFileReference; lastKnownFileType = sourcecode.swift; path = BDD_Cocoapods_QuickNimbleTests.swift; sourceTree = "<group>"; };
		5CF1F580228E8A50006F8265 /* Info.plist */ = {isa = PBXFileReference; lastKnownFileType = text.plist.xml; path = Info.plist; sourceTree = "<group>"; };
		81EB8B5A7EF53A3106F090A7 /* Pods_BDD_Cocoapods_QuickNimbleTests.framework */ = {isa = PBXFileReference; explicitFileType = wrapper.framework; includeInIndex = 0; path = Pods_BDD_Cocoapods_QuickNimbleTests.framework; sourceTree = BUILT_PRODUCTS_DIR; };
		CB117BDA3E08AA3511D1C480 /* Pods-BDD-Cocoapods-QuickNimbleTests.release.xcconfig */ = {isa = PBXFileReference; includeInIndex = 1; lastKnownFileType = text.xcconfig; name = "Pods-BDD-Cocoapods-QuickNimbleTests.release.xcconfig"; path = "Target Support Files/Pods-BDD-Cocoapods-QuickNimbleTests/Pods-BDD-Cocoapods-QuickNimbleTests.release.xcconfig"; sourceTree = "<group>"; };
/* End PBXFileReference section */

/* Begin PBXFrameworksBuildPhase section */
		5CF1F55E228E4DF3006F8265 /* Frameworks */ = {
			isa = PBXFrameworksBuildPhase;
			buildActionMask = 2147483647;
			files = (
			);
			runOnlyForDeploymentPostprocessing = 0;
		};
		5CF1F579228E8A50006F8265 /* Frameworks */ = {
			isa = PBXFrameworksBuildPhase;
			buildActionMask = 2147483647;
			files = (
				BFDDDD9F8C8270A8BD5C8AE1 /* Pods_BDD_Cocoapods_QuickNimbleTests.framework in Frameworks */,
			);
			runOnlyForDeploymentPostprocessing = 0;
		};
/* End PBXFrameworksBuildPhase section */

/* Begin PBXGroup section */
		5CF1F558228E4DF3006F8265 = {
			isa = PBXGroup;
			children = (
				5CF1F577228E602C006F8265 /* Podfile */,
				5CF1F563228E4DF3006F8265 /* BDD-Cocoapods */,
				5CF1F57D228E8A50006F8265 /* BDD-Cocoapods-QuickNimbleTests */,
				5CF1F562228E4DF3006F8265 /* Products */,
				F1A97330779ADD9D271439CB /* Pods */,
				99C7EE6304651B03B0FD5765 /* Frameworks */,
			);
			sourceTree = "<group>";
		};
		5CF1F562228E4DF3006F8265 /* Products */ = {
			isa = PBXGroup;
			children = (
				5CF1F561228E4DF3006F8265 /* BDD-Cocoapods.app */,
				5CF1F57C228E8A50006F8265 /* BDD-Cocoapods-QuickNimbleTests.xctest */,
			);
			name = Products;
			sourceTree = "<group>";
		};
		5CF1F563228E4DF3006F8265 /* BDD-Cocoapods */ = {
			isa = PBXGroup;
			children = (
				5CF1F564228E4DF3006F8265 /* AppDelegate.swift */,
				5CF1F566228E4DF3006F8265 /* ViewController.swift */,
				5CF1F568228E4DF3006F8265 /* Main.storyboard */,
				5CF1F56B228E4DF6006F8265 /* Assets.xcassets */,
				5CF1F56D228E4DF6006F8265 /* LaunchScreen.storyboard */,
				5CF1F570228E4DF6006F8265 /* Info.plist */,
			);
			path = "BDD-Cocoapods";
			sourceTree = "<group>";
		};
		5CF1F57D228E8A50006F8265 /* BDD-Cocoapods-QuickNimbleTests */ = {
			isa = PBXGroup;
			children = (
				5CF1F57E228E8A50006F8265 /* BDD_Cocoapods_QuickNimbleTests.swift */,
				5CF1F580228E8A50006F8265 /* Info.plist */,
			);
			path = "BDD-Cocoapods-QuickNimbleTests";
			sourceTree = "<group>";
		};
		99C7EE6304651B03B0FD5765 /* Frameworks */ = {
			isa = PBXGroup;
			children = (
				81EB8B5A7EF53A3106F090A7 /* Pods_BDD_Cocoapods_QuickNimbleTests.framework */,
			);
			name = Frameworks;
			sourceTree = "<group>";
		};
		F1A97330779ADD9D271439CB /* Pods */ = {
			isa = PBXGroup;
			children = (
				15541018F3991A2068689627 /* Pods-BDD-Cocoapods-QuickNimbleTests.debug.xcconfig */,
				CB117BDA3E08AA3511D1C480 /* Pods-BDD-Cocoapods-QuickNimbleTests.release.xcconfig */,
			);
			path = Pods;
			sourceTree = "<group>";
		};
/* End PBXGroup section */

/* Begin PBXNativeTarget section */
		5CF1F560228E4DF3006F8265 /* BDD-Cocoapods */ = {
			isa = PBXNativeTarget;
			buildConfigurationList = 5CF1F573228E4DF6006F8265 /* Build configuration list for PBXNativeTarget "BDD-Cocoapods" */;
			buildPhases = (
				5CF1F55D228E4DF3006F8265 /* Sources */,
				5CF1F55E228E4DF3006F8265 /* Frameworks */,
				5CF1F55F228E4DF3006F8265 /* Resources */,
			);
			buildRules = (
			);
			dependencies = (
			);
			name = "BDD-Cocoapods";
			productName = "BDD-Cocoapods";
			productReference = 5CF1F561228E4DF3006F8265 /* BDD-Cocoapods.app */;
			productType = "com.apple.product-type.application";
		};
		5CF1F57B228E8A50006F8265 /* BDD-Cocoapods-QuickNimbleTests */ = {
			isa = PBXNativeTarget;
			buildConfigurationList = 5CF1F583228E8A50006F8265 /* Build configuration list for PBXNativeTarget "BDD-Cocoapods-QuickNimbleTests" */;
			buildPhases = (
				5CAAE85D2079703E610E5B6D /* [CP] Check Pods Manifest.lock */,
				5CF1F578228E8A50006F8265 /* Sources */,
				5CF1F579228E8A50006F8265 /* Frameworks */,
				5CF1F57A228E8A50006F8265 /* Resources */,
				C14DA6025ECDF74282FADDCA /* [CP] Embed Pods Frameworks */,
			);
			buildRules = (
			);
			dependencies = (
				5CF1F582228E8A50006F8265 /* PBXTargetDependency */,
			);
			name = "BDD-Cocoapods-QuickNimbleTests";
			productName = "BDD-Cocoapods-QuickNimbleTests";
			productReference = 5CF1F57C228E8A50006F8265 /* BDD-Cocoapods-QuickNimbleTests.xctest */;
			productType = "com.apple.product-type.bundle.unit-test";
		};
/* End PBXNativeTarget section */

/* Begin PBXProject section */
		5CF1F559228E4DF3006F8265 /* Project object */ = {
			isa = PBXProject;
			attributes = {
				LastSwiftUpdateCheck = 1020;
				LastUpgradeCheck = 1020;
				ORGANIZATIONNAME = "Ace Authors";
				TargetAttributes = {
					5CF1F560228E4DF3006F8265 = {
						CreatedOnToolsVersion = 10.2.1;
					};
					5CF1F57B228E8A50006F8265 = {
						CreatedOnToolsVersion = 10.2.1;
						TestTargetID = 5CF1F560228E4DF3006F8265;
					};
				};
			};
			buildConfigurationList = 5CF1F55C228E4DF3006F8265 /* Build configuration list for PBXProject "BDD-Cocoapods" */;
			compatibilityVersion = "Xcode 9.3";
			developmentRegion = en;
			hasScannedForEncodings = 0;
			knownRegions = (
				en,
				Base,
			);
			mainGroup = 5CF1F558228E4DF3006F8265;
			productRefGroup = 5CF1F562228E4DF3006F8265 /* Products */;
			projectDirPath = "";
			projectRoot = "";
			targets = (
				5CF1F560228E4DF3006F8265 /* BDD-Cocoapods */,
				5CF1F57B228E8A50006F8265 /* BDD-Cocoapods-QuickNimbleTests */,
			);
		};
/* End PBXProject section */

/* Begin PBXResourcesBuildPhase section */
		5CF1F55F228E4DF3006F8265 /* Resources */ = {
			isa = PBXResourcesBuildPhase;
			buildActionMask = 2147483647;
			files = (
				5CF1F56F228E4DF6006F8265 /* LaunchScreen.storyboard in Resources */,
				5CF1F56C228E4DF6006F8265 /* Assets.xcassets in Resources */,
				5CF1F56A228E4DF3006F8265 /* Main.storyboard in Resources */,
			);
			runOnlyForDeploymentPostprocessing = 0;
		};
		5CF1F57A228E8A50006F8265 /* Resources */ = {
			isa = PBXResourcesBuildPhase;
			buildActionMask = 2147483647;
			files = (
			);
			runOnlyForDeploymentPostprocessing = 0;
		};
/* End PBXResourcesBuildPhase section */

/* Begin PBXShellScriptBuildPhase section */
		5CAAE85D2079703E610E5B6D /* [CP] Check Pods Manifest.lock */ = {
			isa = PBXShellScriptBuildPhase;
			buildActionMask = 2147483647;
			files = (
			);
			inputFileListPaths = (
			);
			inputPaths = (
				"${PODS_PODFILE_DIR_PATH}/Podfile.lock",
				"${PODS_ROOT}/Manifest.lock",
			);
			name = "[CP] Check Pods Manifest.lock";
			outputFileListPaths = (
			);
			outputPaths = (
				"$(DERIVED_FILE_DIR)/Pods-BDD-Cocoapods-QuickNimbleTests-checkManifestLockResult.txt",
			);
			runOnlyForDeploymentPostprocessing = 0;
			shellPath = /bin/sh;
			shellScript = "diff \"${PODS_PODFILE_DIR_PATH}/Podfile.lock\" \"${PODS_ROOT}/Manifest.lock\" > /dev/null\nif [ $? != 0 ] ; then\n    # print error to STDERR\n    echo \"error: The sandbox is not in sync with the Podfile.lock. Run 'pod install' or update your CocoaPods installation.\" >&2\n    exit 1\nfi\n# This output is used by Xcode 'outputs' to avoid re-running this script phase.\necho \"SUCCESS\" > \"${SCRIPT_OUTPUT_FILE_0}\"\n";
			showEnvVarsInLog = 0;
		};
		C14DA6025ECDF74282FADDCA /* [CP] Embed Pods Frameworks */ = {
			isa = PBXShellScriptBuildPhase;
			buildActionMask = 2147483647;
			files = (
			);
			inputFileListPaths = (
			);
			inputPaths = (
				"${PODS_ROOT}/Target Support Files/Pods-BDD-Cocoapods-QuickNimbleTests/Pods-BDD-Cocoapods-QuickNimbleTests-frameworks.sh",
				"${BUILT_PRODUCTS_DIR}/Nimble/Nimble.framework",
				"${BUILT_PRODUCTS_DIR}/Quick/Quick.framework",
			);
			name = "[CP] Embed Pods Frameworks";
			outputFileListPaths = (
			);
			outputPaths = (
				"${TARGET_BUILD_DIR}/${FRAMEWORKS_FOLDER_PATH}/Nimble.framework",
				"${TARGET_BUILD_DIR}/${FRAMEWORKS_FOLDER_PATH}/Quick.framework",
			);
			runOnlyForDeploymentPostprocessing = 0;
			shellPath = /bin/sh;
			shellScript = "\"${PODS_ROOT}/Target Support Files/Pods-BDD-Cocoapods-QuickNimbleTests/Pods-BDD-Cocoapods-QuickNimbleTests-frameworks.sh\"\n";
			showEnvVarsInLog = 0;
		};
/* End PBXShellScriptBuildPhase section */

/* Begin PBXSourcesBuildPhase section */
		5CF1F55D228E4DF3006F8265 /* Sources */ = {
			isa = PBXSourcesBuildPhase;
			buildActionMask = 2147483647;
			files = (
				5CF1F567228E4DF3006F8265 /* ViewController.swift in Sources */,
				5CF1F565228E4DF3006F8265 /* AppDelegate.swift in Sources */,
			);
			runOnlyForDeploymentPostprocessing = 0;
		};
		5CF1F578228E8A50006F8265 /* Sources */ = {
			isa = PBXSourcesBuildPhase;
			buildActionMask = 2147483647;
			files = (
				5CF1F57F228E8A50006F8265 /* BDD_Cocoapods_QuickNimbleTests.swift in Sources */,
			);
			runOnlyForDeploymentPostprocessing = 0;
		};
/* End PBXSourcesBuildPhase section */

/* Begin PBXTargetDependency section */
		5CF1F582228E8A50006F8265 /* PBXTargetDependency */ = {
			isa = PBXTargetDependency;
			target = 5CF1F560228E4DF3006F8265 /* BDD-Cocoapods */;
			targetProxy = 5CF1F581228E8A50006F8265 /* PBXContainerItemProxy */;
		};
/* End PBXTargetDependency section */

/* Begin PBXVariantGroup section */
		5CF1F568228E4DF3006F8265 /* Main.storyboard */ = {
			isa = PBXVariantGroup;
			children = (
				5CF1F569228E4DF3006F8265 /* Base */,
			);
			name = Main.storyboard;
			sourceTree = "<group>";
		};
		5CF1F56D228E4DF6006F8265 /* LaunchScreen.storyboard */ = {
			isa = PBXVariantGroup;
			children = (
				5CF1F56E228E4DF6006F8265 /* Base */,
			);
			name = LaunchScreen.storyboard;
			sourceTree = "<group>";
		};
/* End PBXVariantGroup section */

/* Begin XCBuildConfiguration section */
		5CF1F571228E4DF6006F8265 /* Debug */ = {
			isa = XCBuildConfiguration;
			buildSettings = {
				ALWAYS_SEARCH_USER_PATHS = NO;
				CLANG_ANALYZER_NONNULL = YES;
				CLANG_ANALYZER_NUMBER_OBJECT_CONVERSION = YES_AGGRESSIVE;
				CLANG_CXX_LANGUAGE_STANDARD = "gnu++14";
				CLANG_CXX_LIBRARY = "libc++";
				CLANG_ENABLE_MODULES = YES;
				CLANG_ENABLE_OBJC_ARC = YES;
				CLANG_ENABLE_OBJC_WEAK = YES;
				CLANG_WARN_BLOCK_CAPTURE_AUTORELEASING = YES;
				CLANG_WARN_BOOL_CONVERSION = YES;
				CLANG_WARN_COMMA = YES;
				CLANG_WARN_CONSTANT_CONVERSION = YES;
				CLANG_WARN_DEPRECATED_OBJC_IMPLEMENTATIONS = YES;
				CLANG_WARN_DIRECT_OBJC_ISA_USAGE = YES_ERROR;
				CLANG_WARN_DOCUMENTATION_COMMENTS = YES;
				CLANG_WARN_EMPTY_BODY = YES;
				CLANG_WARN_ENUM_CONVERSION = YES;
				CLANG_WARN_INFINITE_RECURSION = YES;
				CLANG_WARN_INT_CONVERSION = YES;
				CLANG_WARN_NON_LITERAL_NULL_CONVERSION = YES;
				CLANG_WARN_OBJC_IMPLICIT_RETAIN_SELF = YES;
				CLANG_WARN_OBJC_LITERAL_CONVERSION = YES;
				CLANG_WARN_OBJC_ROOT_CLASS = YES_ERROR;
				CLANG_WARN_RANGE_LOOP_ANALYSIS = YES;
				CLANG_WARN_STRICT_PROTOTYPES = YES;
				CLANG_WARN_SUSPICIOUS_MOVE = YES;
				CLANG_WARN_UNGUARDED_AVAILABILITY = YES_AGGRESSIVE;
				CLANG_WARN_UNREACHABLE_CODE = YES;
				CLANG_WARN__DUPLICATE_METHOD_MATCH = YES;
				CODE_SIGN_IDENTITY = "iPhone Developer";
				COPY_PHASE_STRIP = NO;
				DEBUG_INFORMATION_FORMAT = dwarf;
				ENABLE_STRICT_OBJC_MSGSEND = YES;
				ENABLE_TESTABILITY = YES;
				GCC_C_LANGUAGE_STANDARD = gnu11;
				GCC_DYNAMIC_NO_PIC = NO;
				GCC_NO_COMMON_BLOCKS = YES;
				GCC_OPTIMIZATION_LEVEL = 0;
				GCC_PREPROCESSOR_DEFINITIONS = (
					"DEBUG=1",
					"$(inherited)",
				);
				GCC_WARN_64_TO_32_BIT_CONVERSION = YES;
				GCC_WARN_ABOUT_RETURN_TYPE = YES_ERROR;
				GCC_WARN_UNDECLARED_SELECTOR = YES;
				GCC_WARN_UNINITIALIZED_AUTOS = YES_AGGRESSIVE;
				GCC_WARN_UNUSED_FUNCTION = YES;
				GCC_WARN_UNUSED_VARIABLE = YES;
				IPHONEOS_DEPLOYMENT_TARGET = 12.2;
				MTL_ENABLE_DEBUG_INFO = INCLUDE_SOURCE;
				MTL_FAST_MATH = YES;
				ONLY_ACTIVE_ARCH = YES;
				SDKROOT = iphoneos;
				SWIFT_ACTIVE_COMPILATION_CONDITIONS = DEBUG;
				SWIFT_OPTIMIZATION_LEVEL = "-Onone";
			};
			name = Debug;
		};
		5CF1F572228E4DF6006F8265 /* Release */ = {
			isa = XCBuildConfiguration;
			buildSettings = {
				ALWAYS_SEARCH_USER_PATHS = NO;
				CLANG_ANALYZER_NONNULL = YES;
				CLANG_ANALYZER_NUMBER_OBJECT_CONVERSION = YES_AGGRESSIVE;
				CLANG_CXX_LANGUAGE_STANDARD = "gnu++14";
				CLANG_CXX_LIBRARY = "libc++";
				CLANG_ENABLE_MODULES = YES;
				CLANG_ENABLE_OBJC_ARC = YES;
				CLANG_ENABLE_OBJC_WEAK = YES;
				CLANG_WARN_BLOCK_CAPTURE_AUTORELEASING = YES;
				CLANG_WARN_BOOL_CONVERSION = YES;
				CLANG_WARN_COMMA = YES;
				CLANG_WARN_CONSTANT_CONVERSION = YES;
				CLANG_WARN_DEPRECATED_OBJC_IMPLEMENTATIONS = YES;
				CLANG_WARN_DIRECT_OBJC_ISA_USAGE = YES_ERROR;
				CLANG_WARN_DOCUMENTATION_COMMENTS = YES;
				CLANG_WARN_EMPTY_BODY = YES;
				CLANG_WARN_ENUM_CONVERSION = YES;
				CLANG_WARN_INFINITE_RECURSION = YES;
				CLANG_WARN_INT_CONVERSION = YES;
				CLANG_WARN_NON_LITERAL_NULL_CONVERSION = YES;
				CLANG_WARN_OBJC_IMPLICIT_RETAIN_SELF = YES;
				CLANG_WARN_OBJC_LITERAL_CONVERSION = YES;
				CLANG_WARN_OBJC_ROOT_CLASS = YES_ERROR;
				CLANG_WARN_RANGE_LOOP_ANALYSIS = YES;
				CLANG_WARN_STRICT_PROTOTYPES = YES;
				CLANG_WARN_SUSPICIOUS_MOVE = YES;
				CLANG_WARN_UNGUARDED_AVAILABILITY = YES_AGGRESSIVE;
				CLANG_WARN_UNREACHABLE_CODE = YES;
				CLANG_WARN__DUPLICATE_METHOD_MATCH = YES;
				CODE_SIGN_IDENTITY = "iPhone Developer";
				COPY_PHASE_STRIP = NO;
				DEBUG_INFORMATION_FORMAT = "dwarf-with-dsym";
				ENABLE_NS_ASSERTIONS = NO;
				ENABLE_STRICT_OBJC_MSGSEND = YES;
				GCC_C_LANGUAGE_STANDARD = gnu11;
				GCC_NO_COMMON_BLOCKS = YES;
				GCC_WARN_64_TO_32_BIT_CONVERSION = YES;
				GCC_WARN_ABOUT_RETURN_TYPE = YES_ERROR;
				GCC_WARN_UNDECLARED_SELECTOR = YES;
				GCC_WARN_UNINITIALIZED_AUTOS = YES_AGGRESSIVE;
				GCC_WARN_UNUSED_FUNCTION = YES;
				GCC_WARN_UNUSED_VARIABLE = YES;
				IPHONEOS_DEPLOYMENT_TARGET = 12.2;
				MTL_ENABLE_DEBUG_INFO = NO;
				MTL_FAST_MATH = YES;
				SDKROOT = iphoneos;
				SWIFT_COMPILATION_MODE = wholemodule;
				SWIFT_OPTIMIZATION_LEVEL = "-O";
				VALIDATE_PRODUCT = YES;
			};
			name = Release;
		};
		5CF1F574228E4DF6006F8265 /* Debug */ = {
			isa = XCBuildConfiguration;
			buildSettings = {
				ASSETCATALOG_COMPILER_APPICON_NAME = AppIcon;
				CODE_SIGN_STYLE = Automatic;
				DEVELOPMENT_TEAM = SL9479QK79;
				INFOPLIST_FILE = "BDD-Cocoapods/Info.plist";
				LD_RUNPATH_SEARCH_PATHS = (
					"$(inherited)",
					"@executable_path/Frameworks",
				);
				PRODUCT_BUNDLE_IDENTIFIER = "com.ace-authors.BDD-Cocoapods";
				PRODUCT_NAME = "$(TARGET_NAME)";
				SWIFT_VERSION = 5.0;
				TARGETED_DEVICE_FAMILY = "1,2";
			};
			name = Debug;
		};
		5CF1F575228E4DF6006F8265 /* Release */ = {
			isa = XCBuildConfiguration;
			buildSettings = {
				ASSETCATALOG_COMPILER_APPICON_NAME = AppIcon;
				CODE_SIGN_STYLE = Automatic;
				DEVELOPMENT_TEAM = SL9479QK79;
				INFOPLIST_FILE = "BDD-Cocoapods/Info.plist";
				LD_RUNPATH_SEARCH_PATHS = (
					"$(inherited)",
					"@executable_path/Frameworks",
				);
				PRODUCT_BUNDLE_IDENTIFIER = "com.ace-authors.BDD-Cocoapods";
				PRODUCT_NAME = "$(TARGET_NAME)";
				SWIFT_VERSION = 5.0;
				TARGETED_DEVICE_FAMILY = "1,2";
			};
			name = Release;
		};
		5CF1F584228E8A50006F8265 /* Debug */ = {
			isa = XCBuildConfiguration;
			baseConfigurationReference = 15541018F3991A2068689627 /* Pods-BDD-Cocoapods-QuickNimbleTests.debug.xcconfig */;
			buildSettings = {
				BUNDLE_LOADER = "$(TEST_HOST)";
				CODE_SIGN_STYLE = Automatic;
				DEVELOPMENT_TEAM = SL9479QK79;
				INFOPLIST_FILE = "BDD-Cocoapods-QuickNimbleTests/Info.plist";
				LD_RUNPATH_SEARCH_PATHS = (
					"$(inherited)",
					"@executable_path/Frameworks",
					"@loader_path/Frameworks",
				);
				PRODUCT_BUNDLE_IDENTIFIER = "com.ace-authors.BDD-Cocoapods-QuickNimbleTests";
				PRODUCT_NAME = "$(TARGET_NAME)";
				SWIFT_VERSION = 5.0;
				TARGETED_DEVICE_FAMILY = "1,2";
				TEST_HOST = "$(BUILT_PRODUCTS_DIR)/BDD-Cocoapods.app/BDD-Cocoapods";
			};
			name = Debug;
		};
		5CF1F585228E8A50006F8265 /* Release */ = {
			isa = XCBuildConfiguration;
			baseConfigurationReference = CB117BDA3E08AA3511D1C480 /* Pods-BDD-Cocoapods-QuickNimbleTests.release.xcconfig */;
			buildSettings = {
				BUNDLE_LOADER = "$(TEST_HOST)";
				CODE_SIGN_STYLE = Automatic;
				DEVELOPMENT_TEAM = SL9479QK79;
				INFOPLIST_FILE = "BDD-Cocoapods-QuickNimbleTests/Info.plist";
				LD_RUNPATH_SEARCH_PATHS = (
					"$(inherited)",
					"@executable_path/Frameworks",
					"@loader_path/Frameworks",
				);
				PRODUCT_BUNDLE_IDENTIFIER = "com.ace-authors.BDD-Cocoapods-QuickNimbleTests";
				PRODUCT_NAME = "$(TARGET_NAME)";
				SWIFT_VERSION = 5.0;
				TARGETED_DEVICE_FAMILY = "1,2";
				TEST_HOST = "$(BUILT_PRODUCTS_DIR)/BDD-Cocoapods.app/BDD-Cocoapods";
			};
			name = Release;
		};
/* End XCBuildConfiguration section */

/* Begin XCConfigurationList section */
		5CF1F55C228E4DF3006F8265 /* Build configuration list for PBXProject "BDD-Cocoapods" */ = {
			isa = XCConfigurationList;
			buildConfigurations = (
				5CF1F571228E4DF6006F8265 /* Debug */,
				5CF1F572228E4DF6006F8265 /* Release */,
			);
			defaultConfigurationIsVisible = 0;
			defaultConfigurationName = Release;
		};
		5CF1F573228E4DF6006F8265 /* Build configuration list for PBXNativeTarget "BDD-Cocoapods" */ = {
			isa = XCConfigurationList;
			buildConfigurations = (
				5CF1F574228E4DF6006F8265 /* Debug */,
				5CF1F575228E4DF6006F8265 /* Release */,
			);
			defaultConfigurationIsVisible = 0;
			defaultConfigurationName = Release;
		};
		5CF1F583228E8A50006F8265 /* Build configuration list for PBXNativeTarget "BDD-Cocoapods-QuickNimbleTests" */ = {
			isa = XCConfigurationList;
			buildConfigurations = (
				5CF1F584228E8A50006F8265 /* Debug */,
				5CF1F585228E8A50006F8265 /* Release */,
			);
			defaultConfigurationIsVisible = 0;
			defaultConfigurationName = Release;
		};
/* End XCConfigurationList section */
	};
	rootObject = 5CF1F559228E4DF3006F8265 /* Project object */;
}
